
Microsoft Visual Studio Solution File, Format Version 12.00
# Visual Studio Version 16
VisualStudioVersion = 16.0.30204.135
MinimumVisualStudioVersion = 10.0.40219.1
Project("{FAE04EC0-301F-11D3-BF4B-00C04F79EFBC}") = "Darknet.Dataset.Merger", "Darknet.Dataset.Merger.csproj", "{212CD056-E2D9-4762-94E5-57162C801E52}"
EndProject
Project("{9A19103F-16F7-4668-BE54-9A1E7A4F7556}") = "ZeroLevel", "..\..\Zero\ZeroLevel\ZeroLevel.csproj", "{BEBC0114-32AE-4037-8816-A66AD70C4318}"
EndProject
Global
	GlobalSection(SolutionConfigurationPlatforms) = preSolution
		Debug|Any CPU = Debug|Any CPU
		Debug|x64 = Debug|x64
		Debug|x86 = Debug|x86
		Release|Any CPU = Release|Any CPU
		Release|x64 = Release|x64
		Release|x86 = Release|x86
	EndGlobalSection
	GlobalSection(ProjectConfigurationPlatforms) = postSolution
		{212CD056-E2D9-4762-94E5-57162C801E52}.Debug|Any CPU.ActiveCfg = Debug|Any CPU
		{212CD056-E2D9-4762-94E5-57162C801E52}.Debug|Any CPU.Build.0 = Debug|Any CPU
		{212CD056-E2D9-4762-94E5-57162C801E52}.Debug|x64.ActiveCfg = Debug|x64
		{212CD056-E2D9-4762-94E5-57162C801E52}.Debug|x64.Build.0 = Debug|x64
		{212CD056-E2D9-4762-94E5-57162C801E52}.Debug|x86.ActiveCfg = Debug|Any CPU
		{212CD056-E2D9-4762-94E5-57162C801E52}.Debug|x86.Build.0 = Debug|Any CPU
		{212CD056-E2D9-4762-94E5-57162C801E52}.Release|Any CPU.ActiveCfg = Release|x86
		{212CD056-E2D9-4762-94E5-57162C801E52}.Release|Any CPU.Build.0 = Release|x86
		{212CD056-E2D9-4762-94E5-57162C801E52}.Release|x64.ActiveCfg = Release|x64
		{212CD056-E2D9-4762-94E5-57162C801E52}.Release|x64.Build.0 = Release|x64
		{212CD056-E2D9-4762-94E5-57162C801E52}.Release|x86.ActiveCfg = Release|Any CPU
		{212CD056-E2D9-4762-94E5-57162C801E52}.Release|x86.Build.0 = Release|Any CPU
		{BEBC0114-32AE-4037-8816-A66AD70C4318}.Debug|Any CPU.ActiveCfg = Debug|Any CPU
		{BEBC0114-32AE-4037-8816-A66AD70C4318}.Debug|Any CPU.Build.0 = Debug|Any CPU
		{BEBC0114-32AE-4037-8816-A66AD70C4318}.Debug|x64.ActiveCfg = Debug|x64
		{BEBC0114-32AE-4037-8816-A66AD70C4318}.Debug|x64.Build.0 = Debug|x64
		{BEBC0114-32AE-4037-8816-A66AD70C4318}.Debug|x86.ActiveCfg = Debug|x86
		{BEBC0114-32AE-4037-8816-A66AD70C4318}.Debug|x86.Build.0 = Debug|x86
		{BEBC0114-32AE-4037-8816-A66AD70C4318}.Release|Any CPU.ActiveCfg = Release|x86
		{BEBC0114-32AE-4037-8816-A66AD70C4318}.Release|Any CPU.Build.0 = Release|x86
		{BEBC0114-32AE-4037-8816-A66AD70C4318}.Release|x64.ActiveCfg = Release|x64
		{BEBC0114-32AE-4037-8816-A66AD70C4318}.Release|x64.Build.0 = Release|x64
		{BEBC0114-32AE-4037-8816-A66AD70C4318}.Release|x86.ActiveCfg = Release|x86
		{BEBC0114-32AE-4037-8816-A66AD70C4318}.Release|x86.Build.0 = Release|x86
	EndGlobalSection
	GlobalSection(SolutionProperties) = preSolution
		HideSolutionNode = FALSE
	EndGlobalSection
	GlobalSection(ExtensibilityGlobals) = postSolution
		SolutionGuid = {1A86D24E-B447-4C23-86D3-D703CBED4880}
	EndGlobalSection
EndGlobal
